
Microsoft Visual Studio Solution File, Format Version 12.00
# Visual Studio Version 16
VisualStudioVersion = 16.0.29209.152
MinimumVisualStudioVersion = 10.0.40219.1
Project("{FAE04EC0-301F-11D3-BF4B-00C04F79EFBC}") = "CalculadoraConsole", "CalculadoraConsole\CalculadoraConsole.csproj", "{AAAEF878-5BB5-4619-9950-21E24E8D98CF}"
EndProject
Global
	GlobalSection(SolutionConfigurationPlatforms) = preSolution
		Debug|Any CPU = Debug|Any CPU
		Release|Any CPU = Release|Any CPU
	EndGlobalSection
	GlobalSection(ProjectConfigurationPlatforms) = postSolution
		{AAAEF878-5BB5-4619-9950-21E24E8D98CF}.Debug|Any CPU.ActiveCfg = Debug|Any CPU
		{AAAEF878-5BB5-4619-9950-21E24E8D98CF}.Debug|Any CPU.Build.0 = Debug|Any CPU
		{AAAEF878-5BB5-4619-9950-21E24E8D98CF}.Release|Any CPU.ActiveCfg = Release|Any CPU
		{AAAEF878-5BB5-4619-9950-21E24E8D98CF}.Release|Any CPU.Build.0 = Release|Any CPU
	EndGlobalSection
	GlobalSection(SolutionProperties) = preSolution
		HideSolutionNode = FALSE
	EndGlobalSection
	GlobalSection(ExtensibilityGlobals) = postSolution
		SolutionGuid = {E4C92C25-527E-4918-8B5C-FA5BA282D568}
	EndGlobalSection
EndGlobal
